
Microsoft Visual Studio Solution File, Format Version 12.00
# Visual Studio Version 16
VisualStudioVersion = 16.0.30907.101
MinimumVisualStudioVersion = 10.0.40219.1
Project("{FAE04EC0-301F-11D3-BF4B-00C04F79EFBC}") = "DBSD_CW2_8699_7895", "DBSD_CW2_8699_7895\DBSD_CW2_8699_7895.csproj", "{7F0E2105-1276-4E82-A906-2AEE39AD8423}"
EndProject
Global
	GlobalSection(SolutionConfigurationPlatforms) = preSolution
		Debug|Any CPU = Debug|Any CPU
		Release|Any CPU = Release|Any CPU
	EndGlobalSection
	GlobalSection(ProjectConfigurationPlatforms) = postSolution
		{7F0E2105-1276-4E82-A906-2AEE39AD8423}.Debug|Any CPU.ActiveCfg = Debug|Any CPU
		{7F0E2105-1276-4E82-A906-2AEE39AD8423}.Debug|Any CPU.Build.0 = Debug|Any CPU
		{7F0E2105-1276-4E82-A906-2AEE39AD8423}.Release|Any CPU.ActiveCfg = Release|Any CPU
		{7F0E2105-1276-4E82-A906-2AEE39AD8423}.Release|Any CPU.Build.0 = Release|Any CPU
	EndGlobalSection
	GlobalSection(SolutionProperties) = preSolution
		HideSolutionNode = FALSE
	EndGlobalSection
	GlobalSection(ExtensibilityGlobals) = postSolution
		SolutionGuid = {41B91D76-1BFE-4D2C-A846-F93054535F26}
	EndGlobalSection
EndGlobal
